
Microsoft Visual Studio Solution File, Format Version 12.00
# Visual Studio 15
Project("{FAE04EC0-301F-11D3-BF4B-00C04F79EFBC}") = "Compulsory1PrimeFinderLogic", "Compulsory1PrimeFinder\Compulsory1PrimeFinderLogic.csproj", "{23CE0950-FEB1-49A7-86B4-BE8774276292}"
EndProject
Project("{FAE04EC0-301F-11D3-BF4B-00C04F79EFBC}") = "Compulsory1PrimeFinderConsoleApp", "Compulsory1PrimeFinderConsoleApp\Compulsory1PrimeFinderConsoleApp.csproj", "{52F3284F-59FF-4689-845A-C0B1D3ACAEAA}"
EndProject
Global
	GlobalSection(SolutionConfigurationPlatforms) = preSolution
		Debug|Any CPU = Debug|Any CPU
		Release|Any CPU = Release|Any CPU
	EndGlobalSection
	GlobalSection(ProjectConfigurationPlatforms) = postSolution
		{23CE0950-FEB1-49A7-86B4-BE8774276292}.Debug|Any CPU.ActiveCfg = Debug|Any CPU
		{23CE0950-FEB1-49A7-86B4-BE8774276292}.Debug|Any CPU.Build.0 = Debug|Any CPU
		{23CE0950-FEB1-49A7-86B4-BE8774276292}.Release|Any CPU.ActiveCfg = Release|Any CPU
		{23CE0950-FEB1-49A7-86B4-BE8774276292}.Release|Any CPU.Build.0 = Release|Any CPU
		{52F3284F-59FF-4689-845A-C0B1D3ACAEAA}.Debug|Any CPU.ActiveCfg = Debug|Any CPU
		{52F3284F-59FF-4689-845A-C0B1D3ACAEAA}.Debug|Any CPU.Build.0 = Debug|Any CPU
		{52F3284F-59FF-4689-845A-C0B1D3ACAEAA}.Release|Any CPU.ActiveCfg = Release|Any CPU
		{52F3284F-59FF-4689-845A-C0B1D3ACAEAA}.Release|Any CPU.Build.0 = Release|Any CPU
	EndGlobalSection
EndGlobal
